
Microsoft Visual Studio Solution File, Format Version 12.00
# Visual Studio 14
VisualStudioVersion = 14.0.25123.0
MinimumVisualStudioVersion = 10.0.40219.1
Project("{FAE04EC0-301F-11D3-BF4B-00C04F79EFBC}") = "ICSheet5e", "ICSheet5e\ICSheet5e.csproj", "{928C1878-5FB8-4F73-9227-D8847B8D5445}"
EndProject
Project("{FAE04EC0-301F-11D3-BF4B-00C04F79EFBC}") = "ICSheetCore", "ICSheetCore\ICSheetCore.csproj", "{4FC0DBE9-D447-48B8-B475-8F4CC78C3ABA}"
EndProject
Project("{FAE04EC0-301F-11D3-BF4B-00C04F79EFBC}") = "ICCoreTest", "ICCoreTest\ICCoreTest.csproj", "{BAD3A39F-AE1D-4E43-8446-636D97E2A019}"
EndProject
Project("{FAE04EC0-301F-11D3-BF4B-00C04F79EFBC}") = "ICSheetIOS", "ICSheetIOS\ICSheetIOS.csproj", "{835DFB90-DDC0-4023-AA41-DDDD66518690}"
EndProject
Global
	GlobalSection(Performance) = preSolution
		HasPerformanceSessions = true
	EndGlobalSection
	GlobalSection(SolutionConfigurationPlatforms) = preSolution
		Ad-Hoc|Any CPU = Ad-Hoc|Any CPU
		Ad-Hoc|iPhone = Ad-Hoc|iPhone
		Ad-Hoc|iPhoneSimulator = Ad-Hoc|iPhoneSimulator
		AppStore|Any CPU = AppStore|Any CPU
		AppStore|iPhone = AppStore|iPhone
		AppStore|iPhoneSimulator = AppStore|iPhoneSimulator
		Debug|Any CPU = Debug|Any CPU
		Debug|iPhone = Debug|iPhone
		Debug|iPhoneSimulator = Debug|iPhoneSimulator
		Release|Any CPU = Release|Any CPU
		Release|iPhone = Release|iPhone
		Release|iPhoneSimulator = Release|iPhoneSimulator
	EndGlobalSection
	GlobalSection(ProjectConfigurationPlatforms) = postSolution
		{928C1878-5FB8-4F73-9227-D8847B8D5445}.Ad-Hoc|Any CPU.ActiveCfg = Release|Any CPU
		{928C1878-5FB8-4F73-9227-D8847B8D5445}.Ad-Hoc|Any CPU.Build.0 = Release|Any CPU
		{928C1878-5FB8-4F73-9227-D8847B8D5445}.Ad-Hoc|iPhone.ActiveCfg = Release|Any CPU
		{928C1878-5FB8-4F73-9227-D8847B8D5445}.Ad-Hoc|iPhone.Build.0 = Release|Any CPU
		{928C1878-5FB8-4F73-9227-D8847B8D5445}.Ad-Hoc|iPhoneSimulator.ActiveCfg = Release|Any CPU
		{928C1878-5FB8-4F73-9227-D8847B8D5445}.Ad-Hoc|iPhoneSimulator.Build.0 = Release|Any CPU
		{928C1878-5FB8-4F73-9227-D8847B8D5445}.AppStore|Any CPU.ActiveCfg = Release|Any CPU
		{928C1878-5FB8-4F73-9227-D8847B8D5445}.AppStore|Any CPU.Build.0 = Release|Any CPU
		{928C1878-5FB8-4F73-9227-D8847B8D5445}.AppStore|iPhone.ActiveCfg = Release|Any CPU
		{928C1878-5FB8-4F73-9227-D8847B8D5445}.AppStore|iPhone.Build.0 = Release|Any CPU
		{928C1878-5FB8-4F73-9227-D8847B8D5445}.AppStore|iPhoneSimulator.ActiveCfg = Release|Any CPU
		{928C1878-5FB8-4F73-9227-D8847B8D5445}.AppStore|iPhoneSimulator.Build.0 = Release|Any CPU
		{928C1878-5FB8-4F73-9227-D8847B8D5445}.Debug|Any CPU.ActiveCfg = Debug|Any CPU
		{928C1878-5FB8-4F73-9227-D8847B8D5445}.Debug|Any CPU.Build.0 = Debug|Any CPU
		{928C1878-5FB8-4F73-9227-D8847B8D5445}.Debug|iPhone.ActiveCfg = Debug|Any CPU
		{928C1878-5FB8-4F73-9227-D8847B8D5445}.Debug|iPhone.Build.0 = Debug|Any CPU
		{928C1878-5FB8-4F73-9227-D8847B8D5445}.Debug|iPhoneSimulator.ActiveCfg = Debug|Any CPU
		{928C1878-5FB8-4F73-9227-D8847B8D5445}.Debug|iPhoneSimulator.Build.0 = Debug|Any CPU
		{928C1878-5FB8-4F73-9227-D8847B8D5445}.Release|Any CPU.ActiveCfg = Release|Any CPU
		{928C1878-5FB8-4F73-9227-D8847B8D5445}.Release|Any CPU.Build.0 = Release|Any CPU
		{928C1878-5FB8-4F73-9227-D8847B8D5445}.Release|Any CPU.Deploy.0 = Release|Any CPU
		{928C1878-5FB8-4F73-9227-D8847B8D5445}.Release|iPhone.ActiveCfg = Release|Any CPU
		{928C1878-5FB8-4F73-9227-D8847B8D5445}.Release|iPhone.Build.0 = Release|Any CPU
		{928C1878-5FB8-4F73-9227-D8847B8D5445}.Release|iPhoneSimulator.ActiveCfg = Release|Any CPU
		{928C1878-5FB8-4F73-9227-D8847B8D5445}.Release|iPhoneSimulator.Build.0 = Release|Any CPU
		{4FC0DBE9-D447-48B8-B475-8F4CC78C3ABA}.Ad-Hoc|Any CPU.ActiveCfg = Release|Any CPU
		{4FC0DBE9-D447-48B8-B475-8F4CC78C3ABA}.Ad-Hoc|Any CPU.Build.0 = Release|Any CPU
		{4FC0DBE9-D447-48B8-B475-8F4CC78C3ABA}.Ad-Hoc|iPhone.ActiveCfg = Release|Any CPU
		{4FC0DBE9-D447-48B8-B475-8F4CC78C3ABA}.Ad-Hoc|iPhone.Build.0 = Release|Any CPU
		{4FC0DBE9-D447-48B8-B475-8F4CC78C3ABA}.Ad-Hoc|iPhoneSimulator.ActiveCfg = Release|Any CPU
		{4FC0DBE9-D447-48B8-B475-8F4CC78C3ABA}.Ad-Hoc|iPhoneSimulator.Build.0 = Release|Any CPU
		{4FC0DBE9-D447-48B8-B475-8F4CC78C3ABA}.AppStore|Any CPU.ActiveCfg = Release|Any CPU
		{4FC0DBE9-D447-48B8-B475-8F4CC78C3ABA}.AppStore|Any CPU.Build.0 = Release|Any CPU
		{4FC0DBE9-D447-48B8-B475-8F4CC78C3ABA}.AppStore|iPhone.ActiveCfg = Release|Any CPU
		{4FC0DBE9-D447-48B8-B475-8F4CC78C3ABA}.AppStore|iPhone.Build.0 = Release|Any CPU
		{4FC0DBE9-D447-48B8-B475-8F4CC78C3ABA}.AppStore|iPhoneSimulator.ActiveCfg = Release|Any CPU
		{4FC0DBE9-D447-48B8-B475-8F4CC78C3ABA}.AppStore|iPhoneSimulator.Build.0 = Release|Any CPU
		{4FC0DBE9-D447-48B8-B475-8F4CC78C3ABA}.Debug|Any CPU.ActiveCfg = Debug|Any CPU
		{4FC0DBE9-D447-48B8-B475-8F4CC78C3ABA}.Debug|Any CPU.Build.0 = Debug|Any CPU
		{4FC0DBE9-D447-48B8-B475-8F4CC78C3ABA}.Debug|iPhone.ActiveCfg = Debug|Any CPU
		{4FC0DBE9-D447-48B8-B475-8F4CC78C3ABA}.Debug|iPhone.Build.0 = Debug|Any CPU
		{4FC0DBE9-D447-48B8-B475-8F4CC78C3ABA}.Debug|iPhoneSimulator.ActiveCfg = Debug|Any CPU
		{4FC0DBE9-D447-48B8-B475-8F4CC78C3ABA}.Debug|iPhoneSimulator.Build.0 = Debug|Any CPU
		{4FC0DBE9-D447-48B8-B475-8F4CC78C3ABA}.Release|Any CPU.ActiveCfg = Release|Any CPU
		{4FC0DBE9-D447-48B8-B475-8F4CC78C3ABA}.Release|Any CPU.Build.0 = Release|Any CPU
		{4FC0DBE9-D447-48B8-B475-8F4CC78C3ABA}.Release|iPhone.ActiveCfg = Release|Any CPU
		{4FC0DBE9-D447-48B8-B475-8F4CC78C3ABA}.Release|iPhone.Build.0 = Release|Any CPU
		{4FC0DBE9-D447-48B8-B475-8F4CC78C3ABA}.Release|iPhoneSimulator.ActiveCfg = Release|Any CPU
		{4FC0DBE9-D447-48B8-B475-8F4CC78C3ABA}.Release|iPhoneSimulator.Build.0 = Release|Any CPU
		{BAD3A39F-AE1D-4E43-8446-636D97E2A019}.Ad-Hoc|Any CPU.ActiveCfg = Release|Any CPU
		{BAD3A39F-AE1D-4E43-8446-636D97E2A019}.Ad-Hoc|Any CPU.Build.0 = Release|Any CPU
		{BAD3A39F-AE1D-4E43-8446-636D97E2A019}.Ad-Hoc|iPhone.ActiveCfg = Release|Any CPU
		{BAD3A39F-AE1D-4E43-8446-636D97E2A019}.Ad-Hoc|iPhone.Build.0 = Release|Any CPU
		{BAD3A39F-AE1D-4E43-8446-636D97E2A019}.Ad-Hoc|iPhoneSimulator.ActiveCfg = Release|Any CPU
		{BAD3A39F-AE1D-4E43-8446-636D97E2A019}.Ad-Hoc|iPhoneSimulator.Build.0 = Release|Any CPU
		{BAD3A39F-AE1D-4E43-8446-636D97E2A019}.AppStore|Any CPU.ActiveCfg = Release|Any CPU
		{BAD3A39F-AE1D-4E43-8446-636D97E2A019}.AppStore|Any CPU.Build.0 = Release|Any CPU
		{BAD3A39F-AE1D-4E43-8446-636D97E2A019}.AppStore|iPhone.ActiveCfg = Release|Any CPU
		{BAD3A39F-AE1D-4E43-8446-636D97E2A019}.AppStore|iPhone.Build.0 = Release|Any CPU
		{BAD3A39F-AE1D-4E43-8446-636D97E2A019}.AppStore|iPhoneSimulator.ActiveCfg = Release|Any CPU
		{BAD3A39F-AE1D-4E43-8446-636D97E2A019}.AppStore|iPhoneSimulator.Build.0 = Release|Any CPU
		{BAD3A39F-AE1D-4E43-8446-636D97E2A019}.Debug|Any CPU.ActiveCfg = Debug|Any CPU
		{BAD3A39F-AE1D-4E43-8446-636D97E2A019}.Debug|Any CPU.Build.0 = Debug|Any CPU
		{BAD3A39F-AE1D-4E43-8446-636D97E2A019}.Debug|iPhone.ActiveCfg = Debug|Any CPU
		{BAD3A39F-AE1D-4E43-8446-636D97E2A019}.Debug|iPhone.Build.0 = Debug|Any CPU
		{BAD3A39F-AE1D-4E43-8446-636D97E2A019}.Debug|iPhoneSimulator.ActiveCfg = Debug|Any CPU
		{BAD3A39F-AE1D-4E43-8446-636D97E2A019}.Debug|iPhoneSimulator.Build.0 = Debug|Any CPU
		{BAD3A39F-AE1D-4E43-8446-636D97E2A019}.Release|Any CPU.ActiveCfg = Release|Any CPU
		{BAD3A39F-AE1D-4E43-8446-636D97E2A019}.Release|Any CPU.Build.0 = Release|Any CPU
		{BAD3A39F-AE1D-4E43-8446-636D97E2A019}.Release|iPhone.ActiveCfg = Release|Any CPU
		{BAD3A39F-AE1D-4E43-8446-636D97E2A019}.Release|iPhone.Build.0 = Release|Any CPU
		{BAD3A39F-AE1D-4E43-8446-636D97E2A019}.Release|iPhoneSimulator.ActiveCfg = Release|Any CPU
		{BAD3A39F-AE1D-4E43-8446-636D97E2A019}.Release|iPhoneSimulator.Build.0 = Release|Any CPU
		{835DFB90-DDC0-4023-AA41-DDDD66518690}.Ad-Hoc|Any CPU.ActiveCfg = Ad-Hoc|iPhone
		{835DFB90-DDC0-4023-AA41-DDDD66518690}.Ad-Hoc|iPhone.ActiveCfg = Ad-Hoc|iPhone
		{835DFB90-DDC0-4023-AA41-DDDD66518690}.Ad-Hoc|iPhone.Build.0 = Ad-Hoc|iPhone
		{835DFB90-DDC0-4023-AA41-DDDD66518690}.Ad-Hoc|iPhoneSimulator.ActiveCfg = Ad-Hoc|iPhoneSimulator
		{835DFB90-DDC0-4023-AA41-DDDD66518690}.Ad-Hoc|iPhoneSimulator.Build.0 = Ad-Hoc|iPhoneSimulator
		{835DFB90-DDC0-4023-AA41-DDDD66518690}.AppStore|Any CPU.ActiveCfg = AppStore|iPhone
		{835DFB90-DDC0-4023-AA41-DDDD66518690}.AppStore|iPhone.ActiveCfg = AppStore|iPhone
		{835DFB90-DDC0-4023-AA41-DDDD66518690}.AppStore|iPhone.Build.0 = AppStore|iPhone
		{835DFB90-DDC0-4023-AA41-DDDD66518690}.AppStore|iPhoneSimulator.ActiveCfg = AppStore|iPhoneSimulator
		{835DFB90-DDC0-4023-AA41-DDDD66518690}.AppStore|iPhoneSimulator.Build.0 = AppStore|iPhoneSimulator
		{835DFB90-DDC0-4023-AA41-DDDD66518690}.Debug|Any CPU.ActiveCfg = Debug|iPhone
		{835DFB90-DDC0-4023-AA41-DDDD66518690}.Debug|iPhone.ActiveCfg = Debug|iPhone
		{835DFB90-DDC0-4023-AA41-DDDD66518690}.Debug|iPhone.Build.0 = Debug|iPhone
		{835DFB90-DDC0-4023-AA41-DDDD66518690}.Debug|iPhoneSimulator.ActiveCfg = Debug|iPhoneSimulator
		{835DFB90-DDC0-4023-AA41-DDDD66518690}.Debug|iPhoneSimulator.Build.0 = Debug|iPhoneSimulator
		{835DFB90-DDC0-4023-AA41-DDDD66518690}.Release|Any CPU.ActiveCfg = Release|iPhone
		{835DFB90-DDC0-4023-AA41-DDDD66518690}.Release|iPhone.ActiveCfg = Release|iPhone
		{835DFB90-DDC0-4023-AA41-DDDD66518690}.Release|iPhone.Build.0 = Release|iPhone
		{835DFB90-DDC0-4023-AA41-DDDD66518690}.Release|iPhoneSimulator.ActiveCfg = Release|iPhoneSimulator
		{835DFB90-DDC0-4023-AA41-DDDD66518690}.Release|iPhoneSimulator.Build.0 = Release|iPhoneSimulator
	EndGlobalSection
	GlobalSection(SolutionProperties) = preSolution
		HideSolutionNode = FALSE
	EndGlobalSection
EndGlobal
